
Microsoft Visual Studio Solution File, Format Version 12.00
# Visual Studio Version 17
VisualStudioVersion = 17.9.34728.123
MinimumVisualStudioVersion = 10.0.40219.1
Project("{FAE04EC0-301F-11D3-BF4B-00C04F79EFBC}") = "MovieAppAPI", "MovieAppAPI\MovieAppAPI.csproj", "{4D134916-B5FC-483E-8C73-6C22456E6307}"
EndProject
Global
	GlobalSection(SolutionConfigurationPlatforms) = preSolution
		Debug|Any CPU = Debug|Any CPU
		Release|Any CPU = Release|Any CPU
	EndGlobalSection
	GlobalSection(ProjectConfigurationPlatforms) = postSolution
		{4D134916-B5FC-483E-8C73-6C22456E6307}.Debug|Any CPU.ActiveCfg = Debug|Any CPU
		{4D134916-B5FC-483E-8C73-6C22456E6307}.Debug|Any CPU.Build.0 = Debug|Any CPU
		{4D134916-B5FC-483E-8C73-6C22456E6307}.Release|Any CPU.ActiveCfg = Release|Any CPU
		{4D134916-B5FC-483E-8C73-6C22456E6307}.Release|Any CPU.Build.0 = Release|Any CPU
	EndGlobalSection
	GlobalSection(SolutionProperties) = preSolution
		HideSolutionNode = FALSE
	EndGlobalSection
	GlobalSection(ExtensibilityGlobals) = postSolution
		SolutionGuid = {D1D706F0-185C-428B-A572-99D2103DF2DF}
	EndGlobalSection
EndGlobal
